
Microsoft Visual Studio Solution File, Format Version 11.00
# Visual Studio 2010
Project("{FAE04EC0-301F-11D3-BF4B-00C04F79EFBC}") = "SharpXMPP.Tests", "SharpXMPP.Tests\SharpXMPP.Tests.csproj", "{88A5EF42-4D75-44A9-840B-3F685F33C7BB}"
EndProject
Project("{FAE04EC0-301F-11D3-BF4B-00C04F79EFBC}") = "SharpXMPP", "SharpXMPP\SharpXMPP.csproj", "{E305C10B-4580-4CB9-9AFA-966C4FE1065C}"
EndProject
Project("{FAE04EC0-301F-11D3-BF4B-00C04F79EFBC}") = "SharpXMPP.WPF", "SharpXMPP.WPF\SharpXMPP.WPF.csproj", "{85EC4306-BA3B-4F47-8354-EEE4DDEBCD59}"
EndProject
Project("{FAE04EC0-301F-11D3-BF4B-00C04F79EFBC}") = "SharpXMPP.Console", "SharpXMPP.Console\SharpXMPP.Console.csproj", "{D6B23C1B-0EE6-4F70-BE38-D64D1C81AD08}"
EndProject
Project("{FAE04EC0-301F-11D3-BF4B-00C04F79EFBC}") = "SharpXMPP.WindowsPhone", "SharpXMPP.WindowsPhone\SharpXMPP.WindowsPhone.csproj", "{776D894B-80BB-4ADA-A7FA-A7E83AAFC3A2}"
EndProject
Global
	GlobalSection(TestCaseManagementSettings) = postSolution
		CategoryFile = XMPP.vsmdi
	EndGlobalSection
	GlobalSection(SolutionConfigurationPlatforms) = preSolution
		Debug|Any CPU = Debug|Any CPU
		Debug|Mixed Platforms = Debug|Mixed Platforms
		Debug|x86 = Debug|x86
		Release|Any CPU = Release|Any CPU
		Release|Mixed Platforms = Release|Mixed Platforms
		Release|x86 = Release|x86
	EndGlobalSection
	GlobalSection(ProjectConfigurationPlatforms) = postSolution
		{88A5EF42-4D75-44A9-840B-3F685F33C7BB}.Debug|Any CPU.ActiveCfg = Debug|Any CPU
		{88A5EF42-4D75-44A9-840B-3F685F33C7BB}.Debug|Any CPU.Build.0 = Debug|Any CPU
		{88A5EF42-4D75-44A9-840B-3F685F33C7BB}.Debug|Mixed Platforms.ActiveCfg = Debug|Any CPU
		{88A5EF42-4D75-44A9-840B-3F685F33C7BB}.Debug|Mixed Platforms.Build.0 = Debug|Any CPU
		{88A5EF42-4D75-44A9-840B-3F685F33C7BB}.Debug|x86.ActiveCfg = Debug|Any CPU
		{88A5EF42-4D75-44A9-840B-3F685F33C7BB}.Release|Any CPU.ActiveCfg = Release|Any CPU
		{88A5EF42-4D75-44A9-840B-3F685F33C7BB}.Release|Any CPU.Build.0 = Release|Any CPU
		{88A5EF42-4D75-44A9-840B-3F685F33C7BB}.Release|Mixed Platforms.ActiveCfg = Release|Any CPU
		{88A5EF42-4D75-44A9-840B-3F685F33C7BB}.Release|Mixed Platforms.Build.0 = Release|Any CPU
		{88A5EF42-4D75-44A9-840B-3F685F33C7BB}.Release|x86.ActiveCfg = Release|Any CPU
		{E305C10B-4580-4CB9-9AFA-966C4FE1065C}.Debug|Any CPU.ActiveCfg = Debug|x86
		{E305C10B-4580-4CB9-9AFA-966C4FE1065C}.Debug|Mixed Platforms.ActiveCfg = Debug|Any CPU
		{E305C10B-4580-4CB9-9AFA-966C4FE1065C}.Debug|Mixed Platforms.Build.0 = Debug|Any CPU
		{E305C10B-4580-4CB9-9AFA-966C4FE1065C}.Debug|x86.ActiveCfg = Debug|x86
		{E305C10B-4580-4CB9-9AFA-966C4FE1065C}.Debug|x86.Build.0 = Debug|x86
		{E305C10B-4580-4CB9-9AFA-966C4FE1065C}.Release|Any CPU.ActiveCfg = Release|x86
		{E305C10B-4580-4CB9-9AFA-966C4FE1065C}.Release|Mixed Platforms.ActiveCfg = Release|x86
		{E305C10B-4580-4CB9-9AFA-966C4FE1065C}.Release|Mixed Platforms.Build.0 = Release|x86
		{E305C10B-4580-4CB9-9AFA-966C4FE1065C}.Release|x86.ActiveCfg = Release|x86
		{E305C10B-4580-4CB9-9AFA-966C4FE1065C}.Release|x86.Build.0 = Release|x86
		{85EC4306-BA3B-4F47-8354-EEE4DDEBCD59}.Debug|Any CPU.ActiveCfg = Debug|x86
		{85EC4306-BA3B-4F47-8354-EEE4DDEBCD59}.Debug|Mixed Platforms.ActiveCfg = Debug|Any CPU
		{85EC4306-BA3B-4F47-8354-EEE4DDEBCD59}.Debug|Mixed Platforms.Build.0 = Debug|Any CPU
		{85EC4306-BA3B-4F47-8354-EEE4DDEBCD59}.Debug|x86.ActiveCfg = Debug|x86
		{85EC4306-BA3B-4F47-8354-EEE4DDEBCD59}.Debug|x86.Build.0 = Debug|x86
		{85EC4306-BA3B-4F47-8354-EEE4DDEBCD59}.Release|Any CPU.ActiveCfg = Release|x86
		{85EC4306-BA3B-4F47-8354-EEE4DDEBCD59}.Release|Mixed Platforms.ActiveCfg = Release|x86
		{85EC4306-BA3B-4F47-8354-EEE4DDEBCD59}.Release|Mixed Platforms.Build.0 = Release|x86
		{85EC4306-BA3B-4F47-8354-EEE4DDEBCD59}.Release|x86.ActiveCfg = Release|x86
		{85EC4306-BA3B-4F47-8354-EEE4DDEBCD59}.Release|x86.Build.0 = Release|x86
		{D6B23C1B-0EE6-4F70-BE38-D64D1C81AD08}.Debug|Any CPU.ActiveCfg = Debug|x86
		{D6B23C1B-0EE6-4F70-BE38-D64D1C81AD08}.Debug|Mixed Platforms.ActiveCfg = Debug|Any CPU
		{D6B23C1B-0EE6-4F70-BE38-D64D1C81AD08}.Debug|Mixed Platforms.Build.0 = Debug|Any CPU
		{D6B23C1B-0EE6-4F70-BE38-D64D1C81AD08}.Debug|x86.ActiveCfg = Debug|x86
		{D6B23C1B-0EE6-4F70-BE38-D64D1C81AD08}.Debug|x86.Build.0 = Debug|x86
		{D6B23C1B-0EE6-4F70-BE38-D64D1C81AD08}.Release|Any CPU.ActiveCfg = Release|x86
		{D6B23C1B-0EE6-4F70-BE38-D64D1C81AD08}.Release|Mixed Platforms.ActiveCfg = Release|x86
		{D6B23C1B-0EE6-4F70-BE38-D64D1C81AD08}.Release|Mixed Platforms.Build.0 = Release|x86
		{D6B23C1B-0EE6-4F70-BE38-D64D1C81AD08}.Release|x86.ActiveCfg = Release|x86
		{D6B23C1B-0EE6-4F70-BE38-D64D1C81AD08}.Release|x86.Build.0 = Release|x86
		{776D894B-80BB-4ADA-A7FA-A7E83AAFC3A2}.Debug|Any CPU.ActiveCfg = Debug|Any CPU
		{776D894B-80BB-4ADA-A7FA-A7E83AAFC3A2}.Debug|Any CPU.Build.0 = Debug|Any CPU
		{776D894B-80BB-4ADA-A7FA-A7E83AAFC3A2}.Debug|Mixed Platforms.ActiveCfg = Debug|Any CPU
		{776D894B-80BB-4ADA-A7FA-A7E83AAFC3A2}.Debug|Mixed Platforms.Build.0 = Debug|Any CPU
		{776D894B-80BB-4ADA-A7FA-A7E83AAFC3A2}.Debug|x86.ActiveCfg = Debug|Any CPU
		{776D894B-80BB-4ADA-A7FA-A7E83AAFC3A2}.Release|Any CPU.ActiveCfg = Release|Any CPU
		{776D894B-80BB-4ADA-A7FA-A7E83AAFC3A2}.Release|Any CPU.Build.0 = Release|Any CPU
		{776D894B-80BB-4ADA-A7FA-A7E83AAFC3A2}.Release|Mixed Platforms.ActiveCfg = Release|Any CPU
		{776D894B-80BB-4ADA-A7FA-A7E83AAFC3A2}.Release|Mixed Platforms.Build.0 = Release|Any CPU
		{776D894B-80BB-4ADA-A7FA-A7E83AAFC3A2}.Release|x86.ActiveCfg = Release|Any CPU
	EndGlobalSection
	GlobalSection(SolutionProperties) = preSolution
		HideSolutionNode = FALSE
	EndGlobalSection
EndGlobal
